
Microsoft Visual Studio Solution File, Format Version 12.00
Project("{FAE04EC0-301F-11D3-BF4B-00C04F79EFBC}") = "AppointmentScheduler", "AppointmentScheduler\AppointmentScheduler.csproj", "{F86C17EF-9A8B-4BAA-A321-D8B7739E3D7D}"
EndProject
Project("{FAE04EC0-301F-11D3-BF4B-00C04F79EFBC}") = "AppointmentScheduler.Tests", "AppointmentScheduler.Tests\AppointmentScheduler.Tests.csproj", "{7FBD1F25-CEE5-42D6-A78C-FED16853FC11}"
EndProject
Global
	GlobalSection(SolutionConfigurationPlatforms) = preSolution
		Debug|Any CPU = Debug|Any CPU
		Debug|x64 = Debug|x64
		Debug|x86 = Debug|x86
		Release|Any CPU = Release|Any CPU
		Release|x64 = Release|x64
		Release|x86 = Release|x86
	EndGlobalSection
	GlobalSection(SolutionProperties) = preSolution
		HideSolutionNode = FALSE
	EndGlobalSection
	GlobalSection(ProjectConfigurationPlatforms) = postSolution
		{F86C17EF-9A8B-4BAA-A321-D8B7739E3D7D}.Debug|Any CPU.ActiveCfg = Debug|Any CPU
		{F86C17EF-9A8B-4BAA-A321-D8B7739E3D7D}.Debug|Any CPU.Build.0 = Debug|Any CPU
		{F86C17EF-9A8B-4BAA-A321-D8B7739E3D7D}.Debug|x64.ActiveCfg = Debug|Any CPU
		{F86C17EF-9A8B-4BAA-A321-D8B7739E3D7D}.Debug|x64.Build.0 = Debug|Any CPU
		{F86C17EF-9A8B-4BAA-A321-D8B7739E3D7D}.Debug|x86.ActiveCfg = Debug|Any CPU
		{F86C17EF-9A8B-4BAA-A321-D8B7739E3D7D}.Debug|x86.Build.0 = Debug|Any CPU
		{F86C17EF-9A8B-4BAA-A321-D8B7739E3D7D}.Release|Any CPU.ActiveCfg = Release|Any CPU
		{F86C17EF-9A8B-4BAA-A321-D8B7739E3D7D}.Release|Any CPU.Build.0 = Release|Any CPU
		{F86C17EF-9A8B-4BAA-A321-D8B7739E3D7D}.Release|x64.ActiveCfg = Release|Any CPU
		{F86C17EF-9A8B-4BAA-A321-D8B7739E3D7D}.Release|x64.Build.0 = Release|Any CPU
		{F86C17EF-9A8B-4BAA-A321-D8B7739E3D7D}.Release|x86.ActiveCfg = Release|Any CPU
		{F86C17EF-9A8B-4BAA-A321-D8B7739E3D7D}.Release|x86.Build.0 = Release|Any CPU
		{7FBD1F25-CEE5-42D6-A78C-FED16853FC11}.Debug|Any CPU.ActiveCfg = Debug|Any CPU
		{7FBD1F25-CEE5-42D6-A78C-FED16853FC11}.Debug|Any CPU.Build.0 = Debug|Any CPU
		{7FBD1F25-CEE5-42D6-A78C-FED16853FC11}.Debug|x64.ActiveCfg = Debug|Any CPU
		{7FBD1F25-CEE5-42D6-A78C-FED16853FC11}.Debug|x64.Build.0 = Debug|Any CPU
		{7FBD1F25-CEE5-42D6-A78C-FED16853FC11}.Debug|x86.ActiveCfg = Debug|Any CPU
		{7FBD1F25-CEE5-42D6-A78C-FED16853FC11}.Debug|x86.Build.0 = Debug|Any CPU
		{7FBD1F25-CEE5-42D6-A78C-FED16853FC11}.Release|Any CPU.ActiveCfg = Release|Any CPU
		{7FBD1F25-CEE5-42D6-A78C-FED16853FC11}.Release|Any CPU.Build.0 = Release|Any CPU
		{7FBD1F25-CEE5-42D6-A78C-FED16853FC11}.Release|x64.ActiveCfg = Release|Any CPU
		{7FBD1F25-CEE5-42D6-A78C-FED16853FC11}.Release|x64.Build.0 = Release|Any CPU
		{7FBD1F25-CEE5-42D6-A78C-FED16853FC11}.Release|x86.ActiveCfg = Release|Any CPU
		{7FBD1F25-CEE5-42D6-A78C-FED16853FC11}.Release|x86.Build.0 = Release|Any CPU
	EndGlobalSection
EndGlobal
